// !$*UTF8*$!
{
	archiveVersion = 1;
	classes = {
	};
	objectVersion = 46;
	objects = {

/* Begin PBXBuildFile section */
		48E01D4D1C7A8AAC00B4EF8E /* main.m in Sources */ = {isa = PBXBuildFile; fileRef = 48E01D4C1C7A8AAC00B4EF8E /* main.m */; };
/* End PBXBuildFile section */

/* Begin PBXCopyFilesBuildPhase section */
		48E01D471C7A8AAC00B4EF8E /* CopyFiles */ = {
			isa = PBXCopyFilesBuildPhase;
			buildActionMask = 2147483647;
			dstPath = /usr/share/man/man1/;
			dstSubfolderSpec = 0;
			files = (
			);
			runOnlyForDeploymentPostprocessing = 1;
		};
/* End PBXCopyFilesBuildPhase section */

/* Begin PBXFileReference section */
		48E01D491C7A8AAC00B4EF8E /* macroExercise */ = {isa = PBXFileReference; explicitFileType = "compiled.mach-o.executable"; includeInIndex = 0; path = macroExercise; sourceTree = BUILT_PRODUCTS_DIR; };
		48E01D4C1C7A8AAC00B4EF8E /* main.m */ = {isa = PBXFileReference; lastKnownFileType = sourcecode.c.objc; path = main.m; sourceTree = "<group>"; };
/* End PBXFileReference section */

/* Begin PBXFrameworksBuildPhase section */
		48E01D461C7A8AAC00B4EF8E /* Frameworks */ = {
			isa = PBXFrameworksBuildPhase;
			buildActionMask = 2147483647;
			files = (
			);
			runOnlyForDeploymentPostprocessing = 0;
		};
/* End PBXFrameworksBuildPhase section */

/* Begin PBXGroup section */
		48E01D401C7A8AAC00B4EF8E = {
			isa = PBXGroup;
			children = (
				48E01D4B1C7A8AAC00B4EF8E /* macroExercise */,
				48E01D4A1C7A8AAC00B4EF8E /* Products */,
			);
			sourceTree = "<group>";
		};
		48E01D4A1C7A8AAC00B4EF8E /* Products */ = {
			isa = PBXGroup;
			children = (
				48E01D491C7A8AAC00B4EF8E /* macroExercise */,
			);
			name = Products;
			sourceTree = "<group>";
		};
		48E01D4B1C7A8AAC00B4EF8E /* macroExercise */ = {
			isa = PBXGroup;
			children = (
				48E01D4C1C7A8AAC00B4EF8E /* main.m */,
			);
			path = macroExercise;
			sourceTree = "<group>";
		};
/* End PBXGroup section */

/* Begin PBXNativeTarget section */
		48E01D481C7A8AAC00B4EF8E /* macroExercise */ = {
			isa = PBXNativeTarget;
			buildConfigurationList = 48E01D501C7A8AAC00B4EF8E /* Build configuration list for PBXNativeTarget "macroExercise" */;
			buildPhases = (
				48E01D451C7A8AAC00B4EF8E /* Sources */,
				48E01D461C7A8AAC00B4EF8E /* Frameworks */,
				48E01D471C7A8AAC00B4EF8E /* CopyFiles */,
			);
			buildRules = (
			);
			dependencies = (
			);
			name = macroExercise;
			productName = macroExercise;
			productReference = 48E01D491C7A8AAC00B4EF8E /* macroExercise */;
			productType = "com.apple.product-type.tool";
		};
/* End PBXNativeTarget section */

/* Begin PBXProject section */
		48E01D411C7A8AAC00B4EF8E /* Project object */ = {
			isa = PBXProject;
			attributes = {
				LastUpgradeCheck = 0710;
				ORGANIZATIONNAME = MacPro1;
				TargetAttributes = {
					48E01D481C7A8AAC00B4EF8E = {
						CreatedOnToolsVersion = 7.1;
					};
				};
			};
			buildConfigurationList = 48E01D441C7A8AAC00B4EF8E /* Build configuration list for PBXProject "macroExercise" */;
			compatibilityVersion = "Xcode 3.2";
			developmentRegion = English;
			hasScannedForEncodings = 0;
			knownRegions = (
				en,
			);
			mainGroup = 48E01D401C7A8AAC00B4EF8E;
			productRefGroup = 48E01D4A1C7A8AAC00B4EF8E /* Products */;
			projectDirPath = "";
			projectRoot = "";
			targets = (
				48E01D481C7A8AAC00B4EF8E /* macroExercise */,
			);
		};
/* End PBXProject section */

/* Begin PBXSourcesBuildPhase section */
		48E01D451C7A8AAC00B4EF8E /* Sources */ = {
			isa = PBXSourcesBuildPhase;
			buildActionMask = 2147483647;
			files = (
				48E01D4D1C7A8AAC00B4EF8E /* main.m in Sources */,
			);
			runOnlyForDeploymentPostprocessing = 0;
		};
/* End PBXSourcesBuildPhase section */

/* Begin XCBuildConfiguration section */
		48E01D4E1C7A8AAC00B4EF8E /* Debug */ = {
			isa = XCBuildConfiguration;
			buildSettings = {
				ALWAYS_SEARCH_USER_PATHS = NO;
				CLANG_CXX_LANGUAGE_STANDARD = "gnu++0x";
				CLANG_CXX_LIBRARY = "libc++";
				CLANG_ENABLE_MODULES = YES;
				CLANG_ENABLE_OBJC_ARC = YES;
				CLANG_WARN_BOOL_CONVERSION = YES;
				CLANG_WARN_CONSTANT_CONVERSION = YES;
				CLANG_WARN_DIRECT_OBJC_ISA_USAGE = YES_ERROR;
				CLANG_WARN_EMPTY_BODY = YES;
				CLANG_WARN_ENUM_CONVERSION = YES;
				CLANG_WARN_INT_CONVERSION = YES;
				CLANG_WARN_OBJC_ROOT_CLASS = YES_ERROR;
				CLANG_WARN_UNREACHABLE_CODE = YES;
				CLANG_WARN__DUPLICATE_METHOD_MATCH = YES;
				CODE_SIGN_IDENTITY = "-";
				COPY_PHASE_STRIP = NO;
				DEBUG_INFORMATION_FORMAT = dwarf;
				ENABLE_STRICT_OBJC_MSGSEND = YES;
				ENABLE_TESTABILITY = YES;
				GCC_C_LANGUAGE_STANDARD = gnu99;
				GCC_DYNAMIC_NO_PIC = NO;
				GCC_NO_COMMON_BLOCKS = YES;
				GCC_OPTIMIZATION_LEVEL = 0;
				GCC_PREPROCESSOR_DEFINITIONS = (
					"DEBUG=1",
					"$(inherited)",
				);
				GCC_WARN_64_TO_32_BIT_CONVERSION = YES;
				GCC_WARN_ABOUT_RETURN_TYPE = YES_ERROR;
				GCC_WARN_UNDECLARED_SELECTOR = YES;
				GCC_WARN_UNINITIALIZED_AUTOS = YES_AGGRESSIVE;
				GCC_WARN_UNUSED_FUNCTION = YES;
				GCC_WARN_UNUSED_VARIABLE = YES;
				MACOSX_DEPLOYMENT_TARGET = 10.10;
				MTL_ENABLE_DEBUG_INFO = YES;
				ONLY_ACTIVE_ARCH = YES;
				SDKROOT = macosx;
			};
			name = Debug;
		};
		48E01D4F1C7A8AAC00B4EF8E /* Release */ = {
			isa = XCBuildConfiguration;
			buildSettings = {
				ALWAYS_SEARCH_USER_PATHS = NO;
				CLANG_CXX_LANGUAGE_STANDARD = "gnu++0x";
				CLANG_CXX_LIBRARY = "libc++";
				CLANG_ENABLE_MODULES = YES;
				CLANG_ENABLE_OBJC_ARC = YES;
				CLANG_WARN_BOOL_CONVERSION = YES;
				CLANG_WARN_CONSTANT_CONVERSION = YES;
				CLANG_WARN_DIRECT_OBJC_ISA_USAGE = YES_ERROR;
				CLANG_WARN_EMPTY_BODY = YES;
				CLANG_WARN_ENUM_CONVERSION = YES;
				CLANG_WARN_INT_CONVERSION = YES;
				CLANG_WARN_OBJC_ROOT_CLASS = YES_ERROR;
				CLANG_WARN_UNREACHABLE_CODE = YES;
				CLANG_WARN__DUPLICATE_METHOD_MATCH = YES;
				CODE_SIGN_IDENTITY = "-";
				COPY_PHASE_STRIP = NO;
				DEBUG_INFORMATION_FORMAT = "dwarf-with-dsym";
				ENABLE_NS_ASSERTIONS = NO;
				ENABLE_STRICT_OBJC_MSGSEND = YES;
				GCC_C_LANGUAGE_STANDARD = gnu99;
				GCC_NO_COMMON_BLOCKS = YES;
				GCC_WARN_64_TO_32_BIT_CONVERSION = YES;
				GCC_WARN_ABOUT_RETURN_TYPE = YES_ERROR;
				GCC_WARN_UNDECLARED_SELECTOR = YES;
				GCC_WARN_UNINITIALIZED_AUTOS = YES_AGGRESSIVE;
				GCC_WARN_UNUSED_FUNCTION = YES;
				GCC_WARN_UNUSED_VARIABLE = YES;
				MACOSX_DEPLOYMENT_TARGET = 10.10;
				MTL_ENABLE_DEBUG_INFO = NO;
				SDKROOT = macosx;
			};
			name = Release;
		};
		48E01D511C7A8AAC00B4EF8E /* Debug */ = {
			isa = XCBuildConfiguration;
			buildSettings = {
				PRODUCT_NAME = "$(TARGET_NAME)";
			};
			name = Debug;
		};
		48E01D521C7A8AAC00B4EF8E /* Release */ = {
			isa = XCBuildConfiguration;
			buildSettings = {
				PRODUCT_NAME = "$(TARGET_NAME)";
			};
			name = Release;
		};
/* End XCBuildConfiguration section */

/* Begin XCConfigurationList section */
		48E01D441C7A8AAC00B4EF8E /* Build configuration list for PBXProject "macroExercise" */ = {
			isa = XCConfigurationList;
			buildConfigurations = (
				48E01D4E1C7A8AAC00B4EF8E /* Debug */,
				48E01D4F1C7A8AAC00B4EF8E /* Release */,
			);
			defaultConfigurationIsVisible = 0;
			defaultConfigurationName = Release;
		};
		48E01D501C7A8AAC00B4EF8E /* Build configuration list for PBXNativeTarget "macroExercise" */ = {
			isa = XCConfigurationList;
			buildConfigurations = (
				48E01D511C7A8AAC00B4EF8E /* Debug */,
				48E01D521C7A8AAC00B4EF8E /* Release */,
			);
			defaultConfigurationIsVisible = 0;
		};
/* End XCConfigurationList section */
	};
	rootObject = 48E01D411C7A8AAC00B4EF8E /* Project object */;
}
